
Microsoft Visual Studio Solution File, Format Version 12.00
# Visual Studio Version 17
VisualStudioVersion = 17.2.32630.192
MinimumVisualStudioVersion = 10.0.40219.1
Project("{FAE04EC0-301F-11D3-BF4B-00C04F79EFBC}") = "teste-GoogleAPI", "teste-GoogleAPI\teste-GoogleAPI.csproj", "{148C603F-EBE6-4726-A865-3D3B977563B0}"
EndProject
Global
	GlobalSection(SolutionConfigurationPlatforms) = preSolution
		Debug|Any CPU = Debug|Any CPU
		Release|Any CPU = Release|Any CPU
	EndGlobalSection
	GlobalSection(ProjectConfigurationPlatforms) = postSolution
		{148C603F-EBE6-4726-A865-3D3B977563B0}.Debug|Any CPU.ActiveCfg = Debug|Any CPU
		{148C603F-EBE6-4726-A865-3D3B977563B0}.Debug|Any CPU.Build.0 = Debug|Any CPU
		{148C603F-EBE6-4726-A865-3D3B977563B0}.Release|Any CPU.ActiveCfg = Release|Any CPU
		{148C603F-EBE6-4726-A865-3D3B977563B0}.Release|Any CPU.Build.0 = Release|Any CPU
	EndGlobalSection
	GlobalSection(SolutionProperties) = preSolution
		HideSolutionNode = FALSE
	EndGlobalSection
	GlobalSection(ExtensibilityGlobals) = postSolution
		SolutionGuid = {2A94ECFC-E228-4014-A868-C3F97E5F5857}
	EndGlobalSection
EndGlobal
